
Microsoft Visual Studio Solution File, Format Version 12.00
# Visual Studio Version 16
VisualStudioVersion = 16.0.34114.132
MinimumVisualStudioVersion = 10.0.40219.1
Project("{FAE04EC0-301F-11D3-BF4B-00C04F79EFBC}") = "WindowsFormsApp4", "WindowsFormsApp4\WindowsFormsApp4.csproj", "{A41EA5CB-BF35-4F9D-9F77-ED96399F3620}"
EndProject
Global
	GlobalSection(SolutionConfigurationPlatforms) = preSolution
		Debug|Any CPU = Debug|Any CPU
		Release|Any CPU = Release|Any CPU
	EndGlobalSection
	GlobalSection(ProjectConfigurationPlatforms) = postSolution
		{A41EA5CB-BF35-4F9D-9F77-ED96399F3620}.Debug|Any CPU.ActiveCfg = Debug|Any CPU
		{A41EA5CB-BF35-4F9D-9F77-ED96399F3620}.Debug|Any CPU.Build.0 = Debug|Any CPU
		{A41EA5CB-BF35-4F9D-9F77-ED96399F3620}.Release|Any CPU.ActiveCfg = Release|Any CPU
		{A41EA5CB-BF35-4F9D-9F77-ED96399F3620}.Release|Any CPU.Build.0 = Release|Any CPU
	EndGlobalSection
	GlobalSection(SolutionProperties) = preSolution
		HideSolutionNode = FALSE
	EndGlobalSection
	GlobalSection(ExtensibilityGlobals) = postSolution
		SolutionGuid = {E2EEB9DB-EFC0-421B-B01A-2FFBC9027760}
	EndGlobalSection
EndGlobal
